<Solution>
  <Folder Name="/ApplicationCoreLayer/">
    <Project Path="Sehety.Domain/S2S.Domain.csproj" Id="8440aa33-8df2-4300-8992-a96caf6a57d6" />
    <Project Path="Sehety.Services/S2S.Services.csproj" Id="695f0c95-c079-4446-ac04-4aa328e77a73" />
    <Project Path="Sehety.ServicesAbstraction/S2S.ServicesAbstraction.csproj" Id="451383f3-04e3-45b9-a277-effb04ef589b" />
  </Folder>
  <Folder Name="/InfrastructureLayer/">
    <Project Path="Sehety.Persistence/S2S.Persistence.csproj" Id="30d5ac3f-537a-452e-b7c8-ce9afed03668" />
  </Folder>
  <Folder Name="/PresentationLayer/">
    <Project Path="Sehety.Presentation/S2S.Presentation.csproj" Id="7f3edc94-346b-4eca-9b56-87022df5619f" />
    <Project Path="Sehety.Web/S2S.Web.csproj" />
  </Folder>
  <Project Path="docker-compose.dcproj">
    <Build />
  </Project>
  <Project Path="Sehety.Shared/S2S.Shared.csproj" Id="528065f7-c06e-4072-9cdf-ff8560fb86af" />
</Solution>
